PackratFormat: 1.4
PackratVersion: 0.5.0
RVersion: 4.0.4
Repos:
    CRAN=https://packagemanager.rstudio.com/all/__linux__/focal/latest

Package: BH
Source: RSPM
Version: 1.75.0-0
Hash: 8426697ec75df1ac7b9bc664741f383a

Package: R6
Source: RSPM
Version: 2.5.0
Hash: 25ebbd2664a276c915984da5c820c404

Package: Rcpp
Source: RSPM
Version: 1.0.6
Hash: d891b607ea796cf30abfe4795380423f

Package: base64enc
Source: RSPM
Version: 0.1-3
Hash: c590d29e555926af053055e23ee79efb

Package: bslib
Source: RSPM
Version: 0.2.5.1
Hash: 4bc2bf9bf4bffb2dd536cc867bf0b293
Requires: htmltools, jquerylib, jsonlite, magrittr, rlang, sass

Package: cachem
Source: RSPM
Version: 1.0.5
Hash: 7ade2ba1d62898c85dc5b677b2c1dc4a
Requires: fastmap, rlang

Package: cellranger
Source: RSPM
Version: 1.1.0
Hash: be9d203e7849f73818b36f93e9273c2c
Requires: rematch, tibble

Package: cli
Source: RSPM
Version: 2.5.0
Hash: f4afb5d894854c102b267975d45e380c
Requires: glue

Package: clipr
Source: RSPM
Version: 0.7.1
Hash: 50bca21c0c36d24984b051077cb15cf3

Package: commonmark
Source: RSPM
Version: 1.7
Hash: 77f4ba718e2bad1877ef26e48cf8fa43

Package: cpp11
Source: RSPM
Version: 0.2.7
Hash: 872459b771164e51ce5ac17ade5f0344

Package: crayon
Source: RSPM
Version: 1.4.1
Hash: 2e1b6e4b4bc63ebe2aaee1546b871329

Package: digest
Source: RSPM
Version: 0.6.27
Hash: 8ba156629c1537635b39332c93d8ed33

Package: dplyr
Source: RSPM
Version: 1.0.6
Hash: da3b72d851a648c4994f40459d06ef23
Requires: R6, ellipsis, generics, glue, lifecycle, magrittr, pillar,
    rlang, tibble, tidyselect, vctrs

Package: ellipsis
Source: RSPM
Version: 0.3.2
Hash: b21bfc48556c0c6a93fc9ede6c00cfaf
Requires: rlang

Package: fansi
Source: RSPM
Version: 0.5.0
Hash: e9c5e9cf18ad59b0c247458927b46d10

Package: fastmap
Source: RSPM
Version: 1.1.0
Hash: e4d212b14d40b91c791c0b9d3b6ffd99

Package: fs
Source: RSPM
Version: 1.5.0
Hash: 918ea5c88cad73d5d5b529ca98f8ad11

Package: generics
Source: RSPM
Version: 0.1.0
Hash: c265031f21f6435ffaa9633eb64c3095

Package: glue
Source: RSPM
Version: 1.4.2
Hash: afa798ba9deec3676e20300b79094749

Package: hms
Source: RSPM
Version: 1.1.0
Hash: 5d7e8130890a175dedf39da8c7b5a62c
Requires: ellipsis, lifecycle, pkgconfig, rlang, vctrs

Package: htmltools
Source: RSPM
Version: 0.5.1.1
Hash: 297e3b95a781d9a6fb7259e0f6824020
Requires: base64enc, digest, rlang

Package: httpuv
Source: RSPM
Version: 1.6.1
Hash: 12aef65c579f4a2bec728c6518fbd4f1
Requires: R6, Rcpp, later, promises

Package: jquerylib
Source: RSPM
Version: 0.1.4
Hash: 338eb4374296b76bdee1e463c810113d
Requires: htmltools

Package: jsonlite
Source: RSPM
Version: 1.7.2
Hash: a5965fb563ba3643e75c425a82f935e6

Package: later
Source: RSPM
Version: 1.2.0
Hash: f0643bd220035619f3743aaed7c3b2c9
Requires: Rcpp, rlang

Package: lifecycle
Source: RSPM
Version: 1.0.0
Hash: 0c18dc7a4e21abdc8132b7cac2b5fcb4
Requires: glue, rlang

Package: magrittr
Source: RSPM
Version: 2.0.1
Hash: d3c166b0573ae8c918edf7221dfe7380

Package: mime
Source: RSPM
Version: 0.10
Hash: 20b0f90f3478d2baae76be49777ac9fe

Package: packrat
Source: RSPM
Version: 0.5.0
Hash: 498643e765d1442ba7b1160a1df3abf9

Package: pillar
Source: RSPM
Version: 1.6.1
Hash: a32895ba270cc966f841a55296b275e5
Requires: cli, crayon, ellipsis, fansi, lifecycle, rlang, utf8, vctrs

Package: pkgconfig
Source: RSPM
Version: 2.0.3
Hash: 5ff5f2361851a49534c96caa2a8071c7

Package: png
Source: RSPM
Version: 0.1-7
Hash: 421d7d6e0fb4bd885ecbd909b6456b8b

Package: prettyunits
Source: RSPM
Version: 1.1.1
Hash: 20669cd8bb8b3207f6371edf8cf510af

Package: progress
Source: RSPM
Version: 1.2.2
Hash: 209280eb751acf5899f7c69366e14bd3
Requires: R6, crayon, hms, prettyunits

Package: promises
Source: RSPM
Version: 1.2.0.1
Hash: e1b84208834fc1e2e75099ec002b7904
Requires: R6, Rcpp, later, magrittr, rlang

Package: purrr
Source: RSPM
Version: 0.3.4
Hash: fb4c0edca61826ca0b5b33c828a7b276
Requires: magrittr, rlang

Package: rappdirs
Source: RSPM
Version: 0.3.3
Hash: fd602edfd7dbf365642e35dd9cc97958

Package: readr
Source: RSPM
Version: 1.4.0
Hash: d08598cdbd71823accdbd570383c6338
Requires: BH, R6, cli, clipr, cpp11, crayon, hms, lifecycle, rlang,
    tibble

Package: readxl
Source: RSPM
Version: 1.3.1
Hash: ce1e2774d5e9f7694a85bf824bfbcca4
Requires: Rcpp, cellranger, progress, tibble

Package: rematch
Source: RSPM
Version: 1.0.1
Hash: ad4faf59e7611117ff165817074c50c7

Package: reticulate
Source: RSPM
Version: 1.20
Hash: dfe71a46a15cbd6b1bc5c846f7f5ca48
Requires: Rcpp, jsonlite, png, rappdirs, withr

Package: rlang
Source: RSPM
Version: 0.4.11
Hash: 765f56f2e0697cfd1ad4c9d34e4efedc

Package: sass
Source: RSPM
Version: 0.4.0
Hash: 898260598d59907eda6f28dfec65473c
Requires: R6, fs, htmltools, rappdirs, rlang

Package: shiny
Source: RSPM
Version: 1.6.0
Hash: 35e21ce401cc3b1fae93a190b32f6a65
Requires: R6, bslib, cachem, commonmark, crayon, digest, ellipsis,
    fastmap, glue, htmltools, httpuv, jsonlite, later, lifecycle, mime,
    promises, rlang, sourcetools, withr, xtable

Package: sourcetools
Source: RSPM
Version: 0.1.7
Hash: d093478ac90064e670cd4bf1a99b47b6

Package: tibble
Source: RSPM
Version: 3.1.2
Hash: 83c55123413a6b6d3e777fba5ae667a3
Requires: ellipsis, fansi, lifecycle, magrittr, pillar, pkgconfig,
    rlang, vctrs

Package: tidyselect
Source: RSPM
Version: 1.1.1
Hash: 6415fa4c6b3b5417aa4d3381845d654c
Requires: ellipsis, glue, purrr, rlang, vctrs

Package: utf8
Source: RSPM
Version: 1.2.1
Hash: 4ae5f77d617721b66be32d2b47bc9148

Package: vctrs
Source: RSPM
Version: 0.3.8
Hash: e2e7a28fd30d8df018965c923afd1195
Requires: ellipsis, glue, rlang

Package: withr
Source: RSPM
Version: 2.4.2
Hash: 56366c768cead0b9b2b773cf9f16a432

Package: xtable
Source: RSPM
Version: 1.8-4
Hash: dc0d47261b678d26032363bebd050540
